
Microsoft Visual Studio Solution File, Format Version 12.00
# Visual Studio Version 17
VisualStudioVersion = 17.7.34202.233
MinimumVisualStudioVersion = 10.0.40219.1
Project("{FAE04EC0-301F-11D3-BF4B-00C04F79EFBC}") = "Calculator", "Calculator.csproj", "{53991557-1B60-4D3B-A0A0-2475D240443D}"
EndProject
Global
	GlobalSection(SolutionConfigurationPlatforms) = preSolution
		Debug|Any CPU = Debug|Any CPU
		Release|Any CPU = Release|Any CPU
	EndGlobalSection
	GlobalSection(ProjectConfigurationPlatforms) = postSolution
		{53991557-1B60-4D3B-A0A0-2475D240443D}.Debug|Any CPU.ActiveCfg = Debug|Any CPU
		{53991557-1B60-4D3B-A0A0-2475D240443D}.Debug|Any CPU.Build.0 = Debug|Any CPU
		{53991557-1B60-4D3B-A0A0-2475D240443D}.Release|Any CPU.ActiveCfg = Release|Any CPU
		{53991557-1B60-4D3B-A0A0-2475D240443D}.Release|Any CPU.Build.0 = Release|Any CPU
	EndGlobalSection
	GlobalSection(SolutionProperties) = preSolution
		HideSolutionNode = FALSE
	EndGlobalSection
	GlobalSection(ExtensibilityGlobals) = postSolution
		SolutionGuid = {D15D89E6-20B5-4D6C-A617-E0CD8606DE54}
	EndGlobalSection
EndGlobal
